{
  "version": 4,
  "terraform_version": "1.10.0",
  "serial": 1204,
  "lineage": "a1a12a25-50cf-c288-cf72-ac611b1792fd",
  "outputs": {},
  "resources": [
    {
      "mode": "managed",
      "type": "yandex_compute_disk",
      "name": "disks",
      "provider": "provider[\"registry.terraform.io/yandex-cloud/yandex\"]",
      "instances": [
        {
          "index_key": 0,
          "schema_version": 0,
          "attributes": {
            "allow_recreate": null,
            "block_size": 4096,
            "created_at": "2024-11-30T11:31:15Z",
            "description": "",
            "disk_placement_policy": [
              {
                "disk_placement_group_id": ""
              }
            ],
            "folder_id": "b1gt6sro0sp7kjv4dnh1",
            "hardware_generation": [
              {
                "generation2_features": [],
                "legacy_features": [
                  {
                    "pci_topology": "PCI_TOPOLOGY_V1"
                  }
                ]
              }
            ],
            "id": "fhmdbc8vk9ftaok9alil",
            "image_id": "",
            "labels": {},
            "name": "disk-1",
            "product_ids": [],
            "size": 1,
            "snapshot_id": "",
            "status": "ready",
            "timeouts": null,
            "type": "network-hdd",
            "zone": "ru-central1-a"
          },
          "sensitive_attributes": [],
          "private": "eyJlMmJmYjczMC1lY2FhLTExZTYtOGY4OC0zNDM2M2JjN2M0YzAiOnsiY3JlYXRlIjozMDAwMDAwMDAwMDAsImRlbGV0ZSI6MzAwMDAwMDAwMDAwLCJ1cGRhdGUiOjMwMDAwMDAwMDAwMH19"
        },
        {
          "index_key": 1,
          "schema_version": 0,
          "attributes": {
            "allow_recreate": null,
            "block_size": 4096,
            "created_at": "2024-11-30T11:31:15Z",
            "description": "",
            "disk_placement_policy": [
              {
                "disk_placement_group_id": ""
              }
            ],
            "folder_id": "b1gt6sro0sp7kjv4dnh1",
            "hardware_generation": [
              {
                "generation2_features": [],
                "legacy_features": [
                  {
                    "pci_topology": "PCI_TOPOLOGY_V1"
                  }
                ]
              }
            ],
            "id": "fhm86ns2hat6h0f2597n",
            "image_id": "",
            "labels": {},
            "name": "disk-2",
            "product_ids": [],
            "size": 1,
            "snapshot_id": "",
            "status": "ready",
            "timeouts": null,
            "type": "network-hdd",
            "zone": "ru-central1-a"
          },
          "sensitive_attributes": [],
          "private": "eyJlMmJmYjczMC1lY2FhLTExZTYtOGY4OC0zNDM2M2JjN2M0YzAiOnsiY3JlYXRlIjozMDAwMDAwMDAwMDAsImRlbGV0ZSI6MzAwMDAwMDAwMDAwLCJ1cGRhdGUiOjMwMDAwMDAwMDAwMH19"
        },
        {
          "index_key": 2,
          "schema_version": 0,
          "attributes": {
            "allow_recreate": null,
            "block_size": 4096,
            "created_at": "2024-11-30T11:31:15Z",
            "description": "",
            "disk_placement_policy": [
              {
                "disk_placement_group_id": ""
              }
            ],
            "folder_id": "b1gt6sro0sp7kjv4dnh1",
            "hardware_generation": [
              {
                "generation2_features": [],
                "legacy_features": [
                  {
                    "pci_topology": "PCI_TOPOLOGY_V1"
                  }
                ]
              }
            ],
            "id": "fhmrvltihvm3elkppg0p",
            "image_id": "",
            "labels": {},
            "name": "disk-3",
            "product_ids": [],
            "size": 1,
            "snapshot_id": "",
            "status": "ready",
            "timeouts": null,
            "type": "network-hdd",
            "zone": "ru-central1-a"
          },
          "sensitive_attributes": [],
          "private": "eyJlMmJmYjczMC1lY2FhLTExZTYtOGY4OC0zNDM2M2JjN2M0YzAiOnsiY3JlYXRlIjozMDAwMDAwMDAwMDAsImRlbGV0ZSI6MzAwMDAwMDAwMDAwLCJ1cGRhdGUiOjMwMDAwMDAwMDAwMH19"
        }
      ]
    },
    {
      "mode": "managed",
      "type": "yandex_compute_instance",
      "name": "db",
      "provider": "provider[\"registry.terraform.io/yandex-cloud/yandex\"]",
      "instances": [
        {
          "index_key": "main",
          "schema_version": 1,
          "attributes": {
            "allow_recreate": null,
            "allow_stopping_for_update": null,
            "boot_disk": [
              {
                "auto_delete": true,
                "device_name": "fhm8ol9cpdvvfcia12sa",
                "disk_id": "fhm8ol9cpdvvfcia12sa",
                "initialize_params": [
                  {
                    "block_size": 4096,
                    "description": "",
                    "image_id": "fd81id4ciatai2csff2u",
                    "name": "",
                    "size": 10,
                    "snapshot_id": "",
                    "type": "network-hdd"
                  }
                ],
                "mode": "READ_WRITE"
              }
            ],
            "created_at": "2024-11-30T11:31:21Z",
            "description": "",
            "filesystem": [],
            "folder_id": "b1gt6sro0sp7kjv4dnh1",
            "fqdn": "fhmn4p4rqclo74l96frt.auto.internal",
            "gpu_cluster_id": "",
            "hardware_generation": [
              {
                "generation2_features": [],
                "legacy_features": [
                  {
                    "pci_topology": "PCI_TOPOLOGY_V1"
                  }
                ]
              }
            ],
            "hostname": "",
            "id": "fhmn4p4rqclo74l96frt",
            "labels": {},
            "local_disk": [],
            "maintenance_grace_period": "",
            "maintenance_policy": null,
            "metadata": {
              "ssh-keys": "ssh-rsa AAAAB3NzaC1yc2EAAAADAQABAAABgQCwa4H2I5lRM550jmbJiA13waVCzl+05losNaV+yRgIUHY2Lp9G+00Yvy9KacHEDo8S+PCWdGS2pu8V3F1J8oF049v/WiWA9VSG38RrHW8ZXQWVm16J5YzANhmsgQxxHi/hWGR4iy7MN+YOMV2V7pk2sxbfcBtEjn9zXf96bFeUtpFy131EwA9EMyNZehJmzl9P+5h32PGBIFrfe69PRA4OpSYZc+z3cScZjeGPq54G+ArHVQoJKtqJ2uvOKUTPiMoTUgQrmrByIYLYa59A4iZoyKkbpASmXwq7LiTwurtkelTsBGHvb0HfvIbZD+qbaBR9iborlsXXdT/2BbuP7JfWWdI+wNa3iVIh7vWgPaVXSJm91b9ANjKSDbJD1sX1YrCAw0QKkVf6lumCtGxHrBaXtcHoeABInfFW15vF5McW5FLBpFCkM5QhxJjEsd1jOEvL//G85GFHZPRpVo1e9mOfW1i30uWIjxrOmtJw0piy6GATo9akrM17fboa3fgTK8k= evgenii@evg\n"
            },
            "metadata_options": [
              {
                "aws_v1_http_endpoint": 1,
                "aws_v1_http_token": 2,
                "gce_http_endpoint": 1,
                "gce_http_token": 1
              }
            ],
            "name": "main",
            "network_acceleration_type": "standard",
            "network_interface": [
              {
                "dns_record": [],
                "index": 0,
                "ip_address": "10.0.1.16",
                "ipv4": true,
                "ipv6": false,
                "ipv6_address": "",
                "ipv6_dns_record": [],
                "mac_address": "d0:0d:17:26:49:bd",
                "nat": true,
                "nat_dns_record": [],
                "nat_ip_address": "158.160.33.177",
                "nat_ip_version": "IPV4",
                "security_group_ids": [
                  "enphfe12akgggka0j8q0"
                ],
                "subnet_id": "e9b7u4dt5lgueklug2d3"
              }
            ],
            "placement_policy": [
              {
                "host_affinity_rules": [],
                "placement_group_id": "",
                "placement_group_partition": 0
              }
            ],
            "platform_id": "standard-v2",
            "resources": [
              {
                "core_fraction": 5,
                "cores": 4,
                "gpus": 0,
                "memory": 8
              }
            ],
            "scheduling_policy": [
              {
                "preemptible": false
              }
            ],
            "secondary_disk": [],
            "service_account_id": "",
            "status": "running",
            "timeouts": null,
            "zone": "ru-central1-a"
          },
          "sensitive_attributes": [],
          "private": "eyJlMmJmYjczMC1lY2FhLTExZTYtOGY4OC0zNDM2M2JjN2M0YzAiOnsiY3JlYXRlIjozMDAwMDAwMDAwMDAsImRlbGV0ZSI6MzAwMDAwMDAwMDAwLCJ1cGRhdGUiOjMwMDAwMDAwMDAwMH0sInNjaGVtYV92ZXJzaW9uIjoiMSJ9",
          "dependencies": [
            "yandex_vpc_network.develop",
            "yandex_vpc_security_group.example",
            "yandex_vpc_subnet.develop"
          ]
        },
        {
          "index_key": "replica",
          "schema_version": 1,
          "attributes": {
            "allow_recreate": null,
            "allow_stopping_for_update": null,
            "boot_disk": [
              {
                "auto_delete": true,
                "device_name": "fhmg3eg9cudsqj3u6837",
                "disk_id": "fhmg3eg9cudsqj3u6837",
                "initialize_params": [
                  {
                    "block_size": 4096,
                    "description": "",
                    "image_id": "fd81id4ciatai2csff2u",
                    "name": "",
                    "size": 20,
                    "snapshot_id": "",
                    "type": "network-hdd"
                  }
                ],
                "mode": "READ_WRITE"
              }
            ],
            "created_at": "2024-11-30T11:31:21Z",
            "description": "",
            "filesystem": [],
            "folder_id": "b1gt6sro0sp7kjv4dnh1",
            "fqdn": "fhmt58nfmhu3r8k0go0n.auto.internal",
            "gpu_cluster_id": "",
            "hardware_generation": [
              {
                "generation2_features": [],
                "legacy_features": [
                  {
                    "pci_topology": "PCI_TOPOLOGY_V1"
                  }
                ]
              }
            ],
            "hostname": "",
            "id": "fhmt58nfmhu3r8k0go0n",
            "labels": {},
            "local_disk": [],
            "maintenance_grace_period": "",
            "maintenance_policy": null,
            "metadata": {
              "ssh-keys": "ssh-rsa AAAAB3NzaC1yc2EAAAADAQABAAABgQCwa4H2I5lRM550jmbJiA13waVCzl+05losNaV+yRgIUHY2Lp9G+00Yvy9KacHEDo8S+PCWdGS2pu8V3F1J8oF049v/WiWA9VSG38RrHW8ZXQWVm16J5YzANhmsgQxxHi/hWGR4iy7MN+YOMV2V7pk2sxbfcBtEjn9zXf96bFeUtpFy131EwA9EMyNZehJmzl9P+5h32PGBIFrfe69PRA4OpSYZc+z3cScZjeGPq54G+ArHVQoJKtqJ2uvOKUTPiMoTUgQrmrByIYLYa59A4iZoyKkbpASmXwq7LiTwurtkelTsBGHvb0HfvIbZD+qbaBR9iborlsXXdT/2BbuP7JfWWdI+wNa3iVIh7vWgPaVXSJm91b9ANjKSDbJD1sX1YrCAw0QKkVf6lumCtGxHrBaXtcHoeABInfFW15vF5McW5FLBpFCkM5QhxJjEsd1jOEvL//G85GFHZPRpVo1e9mOfW1i30uWIjxrOmtJw0piy6GATo9akrM17fboa3fgTK8k= evgenii@evg\n"
            },
            "metadata_options": [
              {
                "aws_v1_http_endpoint": 1,
                "aws_v1_http_token": 2,
                "gce_http_endpoint": 1,
                "gce_http_token": 1
              }
            ],
            "name": "replica",
            "network_acceleration_type": "standard",
            "network_interface": [
              {
                "dns_record": [],
                "index": 0,
                "ip_address": "10.0.1.9",
                "ipv4": true,
                "ipv6": false,
                "ipv6_address": "",
                "ipv6_dns_record": [],
                "mac_address": "d0:0d:1d:2a:2e:fb",
                "nat": true,
                "nat_dns_record": [],
                "nat_ip_address": "84.252.131.151",
                "nat_ip_version": "IPV4",
                "security_group_ids": [
                  "enphfe12akgggka0j8q0"
                ],
                "subnet_id": "e9b7u4dt5lgueklug2d3"
              }
            ],
            "placement_policy": [
              {
                "host_affinity_rules": [],
                "placement_group_id": "",
                "placement_group_partition": 0
              }
            ],
            "platform_id": "standard-v2",
            "resources": [
              {
                "core_fraction": 5,
                "cores": 2,
                "gpus": 0,
                "memory": 4
              }
            ],
            "scheduling_policy": [
              {
                "preemptible": false
              }
            ],
            "secondary_disk": [],
            "service_account_id": "",
            "status": "running",
            "timeouts": null,
            "zone": "ru-central1-a"
          },
          "sensitive_attributes": [],
          "private": "eyJlMmJmYjczMC1lY2FhLTExZTYtOGY4OC0zNDM2M2JjN2M0YzAiOnsiY3JlYXRlIjozMDAwMDAwMDAwMDAsImRlbGV0ZSI6MzAwMDAwMDAwMDAwLCJ1cGRhdGUiOjMwMDAwMDAwMDAwMH0sInNjaGVtYV92ZXJzaW9uIjoiMSJ9",
          "dependencies": [
            "yandex_vpc_network.develop",
            "yandex_vpc_security_group.example",
            "yandex_vpc_subnet.develop"
          ]
        }
      ]
    },
    {
      "mode": "managed",
      "type": "yandex_compute_instance",
      "name": "storage",
      "provider": "provider[\"registry.terraform.io/yandex-cloud/yandex\"]",
      "instances": [
        {
          "schema_version": 1,
          "attributes": {
            "allow_recreate": null,
            "allow_stopping_for_update": null,
            "boot_disk": [
              {
                "auto_delete": true,
                "device_name": "fhmk4bvdipeqliitaa97",
                "disk_id": "fhmk4bvdipeqliitaa97",
                "initialize_params": [
                  {
                    "block_size": 4096,
                    "description": "",
                    "image_id": "fd81id4ciatai2csff2u",
                    "name": "",
                    "size": 10,
                    "snapshot_id": "",
                    "type": "network-hdd"
                  }
                ],
                "mode": "READ_WRITE"
              }
            ],
            "created_at": "2024-11-30T11:31:24Z",
            "description": "",
            "filesystem": [],
            "folder_id": "b1gt6sro0sp7kjv4dnh1",
            "fqdn": "fhm3ma020t1a9njmd629.auto.internal",
            "gpu_cluster_id": "",
            "hardware_generation": [
              {
                "generation2_features": [],
                "legacy_features": [
                  {
                    "pci_topology": "PCI_TOPOLOGY_V1"
                  }
                ]
              }
            ],
            "hostname": "",
            "id": "fhm3ma020t1a9njmd629",
            "labels": {},
            "local_disk": [],
            "maintenance_grace_period": "",
            "maintenance_policy": null,
            "metadata": {
              "ssh-keys": "ssh-rsa AAAAB3NzaC1yc2EAAAADAQABAAABgQCwa4H2I5lRM550jmbJiA13waVCzl+05losNaV+yRgIUHY2Lp9G+00Yvy9KacHEDo8S+PCWdGS2pu8V3F1J8oF049v/WiWA9VSG38RrHW8ZXQWVm16J5YzANhmsgQxxHi/hWGR4iy7MN+YOMV2V7pk2sxbfcBtEjn9zXf96bFeUtpFy131EwA9EMyNZehJmzl9P+5h32PGBIFrfe69PRA4OpSYZc+z3cScZjeGPq54G+ArHVQoJKtqJ2uvOKUTPiMoTUgQrmrByIYLYa59A4iZoyKkbpASmXwq7LiTwurtkelTsBGHvb0HfvIbZD+qbaBR9iborlsXXdT/2BbuP7JfWWdI+wNa3iVIh7vWgPaVXSJm91b9ANjKSDbJD1sX1YrCAw0QKkVf6lumCtGxHrBaXtcHoeABInfFW15vF5McW5FLBpFCkM5QhxJjEsd1jOEvL//G85GFHZPRpVo1e9mOfW1i30uWIjxrOmtJw0piy6GATo9akrM17fboa3fgTK8k= evgenii@evg\n"
            },
            "metadata_options": [
              {
                "aws_v1_http_endpoint": 1,
                "aws_v1_http_token": 2,
                "gce_http_endpoint": 1,
                "gce_http_token": 1
              }
            ],
            "name": "storage",
            "network_acceleration_type": "standard",
            "network_interface": [
              {
                "dns_record": [],
                "index": 0,
                "ip_address": "10.0.1.28",
                "ipv4": true,
                "ipv6": false,
                "ipv6_address": "",
                "ipv6_dns_record": [],
                "mac_address": "d0:0d:3b:28:02:07",
                "nat": true,
                "nat_dns_record": [],
                "nat_ip_address": "158.160.49.45",
                "nat_ip_version": "IPV4",
                "security_group_ids": [
                  "enphfe12akgggka0j8q0"
                ],
                "subnet_id": "e9b7u4dt5lgueklug2d3"
              }
            ],
            "placement_policy": [
              {
                "host_affinity_rules": [],
                "placement_group_id": "",
                "placement_group_partition": 0
              }
            ],
            "platform_id": "standard-v2",
            "resources": [
              {
                "core_fraction": 5,
                "cores": 2,
                "gpus": 0,
                "memory": 2
              }
            ],
            "scheduling_policy": [
              {
                "preemptible": false
              }
            ],
            "secondary_disk": [
              {
                "auto_delete": true,
                "device_name": "fhm86ns2hat6h0f2597n",
                "disk_id": "fhm86ns2hat6h0f2597n",
                "mode": "READ_WRITE"
              },
              {
                "auto_delete": true,
                "device_name": "fhmdbc8vk9ftaok9alil",
                "disk_id": "fhmdbc8vk9ftaok9alil",
                "mode": "READ_WRITE"
              },
              {
                "auto_delete": true,
                "device_name": "fhmrvltihvm3elkppg0p",
                "disk_id": "fhmrvltihvm3elkppg0p",
                "mode": "READ_WRITE"
              }
            ],
            "service_account_id": "",
            "status": "running",
            "timeouts": null,
            "zone": "ru-central1-a"
          },
          "sensitive_attributes": [],
          "private": "eyJlMmJmYjczMC1lY2FhLTExZTYtOGY4OC0zNDM2M2JjN2M0YzAiOnsiY3JlYXRlIjozMDAwMDAwMDAwMDAsImRlbGV0ZSI6MzAwMDAwMDAwMDAwLCJ1cGRhdGUiOjMwMDAwMDAwMDAwMH0sInNjaGVtYV92ZXJzaW9uIjoiMSJ9",
          "dependencies": [
            "yandex_compute_disk.disks",
            "yandex_vpc_network.develop",
            "yandex_vpc_security_group.example",
            "yandex_vpc_subnet.develop"
          ]
        }
      ]
    },
    {
      "mode": "managed",
      "type": "yandex_compute_instance",
      "name": "web",
      "provider": "provider[\"registry.terraform.io/yandex-cloud/yandex\"]",
      "instances": [
        {
          "index_key": 0,
          "schema_version": 1,
          "attributes": {
            "allow_recreate": null,
            "allow_stopping_for_update": null,
            "boot_disk": [
              {
                "auto_delete": true,
                "device_name": "fhmi9n4hcqus6jau83tp",
                "disk_id": "fhmi9n4hcqus6jau83tp",
                "initialize_params": [
                  {
                    "block_size": 4096,
                    "description": "",
                    "image_id": "fd81id4ciatai2csff2u",
                    "name": "",
                    "size": 10,
                    "snapshot_id": "",
                    "type": "network-hdd"
                  }
                ],
                "mode": "READ_WRITE"
              }
            ],
            "created_at": "2024-11-30T11:31:21Z",
            "description": "",
            "filesystem": [],
            "folder_id": "b1gt6sro0sp7kjv4dnh1",
            "fqdn": "fhmfefl0414ln0pgdldn.auto.internal",
            "gpu_cluster_id": "",
            "hardware_generation": [
              {
                "generation2_features": [],
                "legacy_features": [
                  {
                    "pci_topology": "PCI_TOPOLOGY_V1"
                  }
                ]
              }
            ],
            "hostname": "",
            "id": "fhmfefl0414ln0pgdldn",
            "labels": {},
            "local_disk": [],
            "maintenance_grace_period": "",
            "maintenance_policy": null,
            "metadata": {
              "ssh-keys": "ssh-rsa AAAAB3NzaC1yc2EAAAADAQABAAABgQCwa4H2I5lRM550jmbJiA13waVCzl+05losNaV+yRgIUHY2Lp9G+00Yvy9KacHEDo8S+PCWdGS2pu8V3F1J8oF049v/WiWA9VSG38RrHW8ZXQWVm16J5YzANhmsgQxxHi/hWGR4iy7MN+YOMV2V7pk2sxbfcBtEjn9zXf96bFeUtpFy131EwA9EMyNZehJmzl9P+5h32PGBIFrfe69PRA4OpSYZc+z3cScZjeGPq54G+ArHVQoJKtqJ2uvOKUTPiMoTUgQrmrByIYLYa59A4iZoyKkbpASmXwq7LiTwurtkelTsBGHvb0HfvIbZD+qbaBR9iborlsXXdT/2BbuP7JfWWdI+wNa3iVIh7vWgPaVXSJm91b9ANjKSDbJD1sX1YrCAw0QKkVf6lumCtGxHrBaXtcHoeABInfFW15vF5McW5FLBpFCkM5QhxJjEsd1jOEvL//G85GFHZPRpVo1e9mOfW1i30uWIjxrOmtJw0piy6GATo9akrM17fboa3fgTK8k= evgenii@evg\n"
            },
            "metadata_options": [
              {
                "aws_v1_http_endpoint": 1,
                "aws_v1_http_token": 2,
                "gce_http_endpoint": 1,
                "gce_http_token": 1
              }
            ],
            "name": "web-1",
            "network_acceleration_type": "standard",
            "network_interface": [
              {
                "dns_record": [],
                "index": 0,
                "ip_address": "10.0.1.32",
                "ipv4": true,
                "ipv6": false,
                "ipv6_address": "",
                "ipv6_dns_record": [],
                "mac_address": "d0:0d:f7:3e:a0:20",
                "nat": true,
                "nat_dns_record": [],
                "nat_ip_address": "158.160.43.146",
                "nat_ip_version": "IPV4",
                "security_group_ids": [
                  "enphfe12akgggka0j8q0"
                ],
                "subnet_id": "e9b7u4dt5lgueklug2d3"
              }
            ],
            "placement_policy": [
              {
                "host_affinity_rules": [],
                "placement_group_id": "",
                "placement_group_partition": 0
              }
            ],
            "platform_id": "standard-v2",
            "resources": [
              {
                "core_fraction": 5,
                "cores": 2,
                "gpus": 0,
                "memory": 2
              }
            ],
            "scheduling_policy": [
              {
                "preemptible": false
              }
            ],
            "secondary_disk": [],
            "service_account_id": "",
            "status": "running",
            "timeouts": null,
            "zone": "ru-central1-a"
          },
          "sensitive_attributes": [],
          "private": "eyJlMmJmYjczMC1lY2FhLTExZTYtOGY4OC0zNDM2M2JjN2M0YzAiOnsiY3JlYXRlIjozMDAwMDAwMDAwMDAsImRlbGV0ZSI6MzAwMDAwMDAwMDAwLCJ1cGRhdGUiOjMwMDAwMDAwMDAwMH0sInNjaGVtYV92ZXJzaW9uIjoiMSJ9",
          "dependencies": [
            "yandex_vpc_network.develop",
            "yandex_vpc_security_group.example",
            "yandex_vpc_subnet.develop"
          ]
        },
        {
          "index_key": 1,
          "schema_version": 1,
          "attributes": {
            "allow_recreate": null,
            "allow_stopping_for_update": null,
            "boot_disk": [
              {
                "auto_delete": true,
                "device_name": "fhmpbrijr3c4ecbp3rrd",
                "disk_id": "fhmpbrijr3c4ecbp3rrd",
                "initialize_params": [
                  {
                    "block_size": 4096,
                    "description": "",
                    "image_id": "fd81id4ciatai2csff2u",
                    "name": "",
                    "size": 10,
                    "snapshot_id": "",
                    "type": "network-hdd"
                  }
                ],
                "mode": "READ_WRITE"
              }
            ],
            "created_at": "2024-11-30T11:31:21Z",
            "description": "",
            "filesystem": [],
            "folder_id": "b1gt6sro0sp7kjv4dnh1",
            "fqdn": "fhmihf80r5p1d0bhq5ab.auto.internal",
            "gpu_cluster_id": "",
            "hardware_generation": [
              {
                "generation2_features": [],
                "legacy_features": [
                  {
                    "pci_topology": "PCI_TOPOLOGY_V1"
                  }
                ]
              }
            ],
            "hostname": "",
            "id": "fhmihf80r5p1d0bhq5ab",
            "labels": {},
            "local_disk": [],
            "maintenance_grace_period": "",
            "maintenance_policy": null,
            "metadata": {
              "ssh-keys": "ssh-rsa AAAAB3NzaC1yc2EAAAADAQABAAABgQCwa4H2I5lRM550jmbJiA13waVCzl+05losNaV+yRgIUHY2Lp9G+00Yvy9KacHEDo8S+PCWdGS2pu8V3F1J8oF049v/WiWA9VSG38RrHW8ZXQWVm16J5YzANhmsgQxxHi/hWGR4iy7MN+YOMV2V7pk2sxbfcBtEjn9zXf96bFeUtpFy131EwA9EMyNZehJmzl9P+5h32PGBIFrfe69PRA4OpSYZc+z3cScZjeGPq54G+ArHVQoJKtqJ2uvOKUTPiMoTUgQrmrByIYLYa59A4iZoyKkbpASmXwq7LiTwurtkelTsBGHvb0HfvIbZD+qbaBR9iborlsXXdT/2BbuP7JfWWdI+wNa3iVIh7vWgPaVXSJm91b9ANjKSDbJD1sX1YrCAw0QKkVf6lumCtGxHrBaXtcHoeABInfFW15vF5McW5FLBpFCkM5QhxJjEsd1jOEvL//G85GFHZPRpVo1e9mOfW1i30uWIjxrOmtJw0piy6GATo9akrM17fboa3fgTK8k= evgenii@evg\n"
            },
            "metadata_options": [
              {
                "aws_v1_http_endpoint": 1,
                "aws_v1_http_token": 2,
                "gce_http_endpoint": 1,
                "gce_http_token": 1
              }
            ],
            "name": "web-2",
            "network_acceleration_type": "standard",
            "network_interface": [
              {
                "dns_record": [],
                "index": 0,
                "ip_address": "10.0.1.24",
                "ipv4": true,
                "ipv6": false,
                "ipv6_address": "",
                "ipv6_dns_record": [],
                "mac_address": "d0:0d:12:8b:d0:0d",
                "nat": true,
                "nat_dns_record": [],
                "nat_ip_address": "158.160.40.111",
                "nat_ip_version": "IPV4",
                "security_group_ids": [
                  "enphfe12akgggka0j8q0"
                ],
                "subnet_id": "e9b7u4dt5lgueklug2d3"
              }
            ],
            "placement_policy": [
              {
                "host_affinity_rules": [],
                "placement_group_id": "",
                "placement_group_partition": 0
              }
            ],
            "platform_id": "standard-v2",
            "resources": [
              {
                "core_fraction": 5,
                "cores": 2,
                "gpus": 0,
                "memory": 2
              }
            ],
            "scheduling_policy": [
              {
                "preemptible": false
              }
            ],
            "secondary_disk": [],
            "service_account_id": "",
            "status": "running",
            "timeouts": null,
            "zone": "ru-central1-a"
          },
          "sensitive_attributes": [],
          "private": "eyJlMmJmYjczMC1lY2FhLTExZTYtOGY4OC0zNDM2M2JjN2M0YzAiOnsiY3JlYXRlIjozMDAwMDAwMDAwMDAsImRlbGV0ZSI6MzAwMDAwMDAwMDAwLCJ1cGRhdGUiOjMwMDAwMDAwMDAwMH0sInNjaGVtYV92ZXJzaW9uIjoiMSJ9",
          "dependencies": [
            "yandex_vpc_network.develop",
            "yandex_vpc_security_group.example",
            "yandex_vpc_subnet.develop"
          ]
        }
      ]
    },
    {
      "mode": "managed",
      "type": "yandex_vpc_network",
      "name": "develop",
      "provider": "provider[\"registry.terraform.io/yandex-cloud/yandex\"]",
      "instances": [
        {
          "schema_version": 0,
          "attributes": {
            "created_at": "2024-11-30T11:31:15Z",
            "default_security_group_id": "enpv2jdirjttjag8lm4g",
            "description": "",
            "folder_id": "b1gt6sro0sp7kjv4dnh1",
            "id": "enpc14hbjgq4qnhvd6ie",
            "labels": {},
            "name": "develop",
            "subnet_ids": [
              "e9b7u4dt5lgueklug2d3"
            ],
            "timeouts": null
          },
          "sensitive_attributes": [],
          "private": "eyJlMmJmYjczMC1lY2FhLTExZTYtOGY4OC0zNDM2M2JjN2M0YzAiOnsiY3JlYXRlIjo2MDAwMDAwMDAwMCwiZGVsZXRlIjo2MDAwMDAwMDAwMCwidXBkYXRlIjo2MDAwMDAwMDAwMH19"
        }
      ]
    },
    {
      "mode": "managed",
      "type": "yandex_vpc_security_group",
      "name": "example",
      "provider": "provider[\"registry.terraform.io/yandex-cloud/yandex\"]",
      "instances": [
        {
          "schema_version": 0,
          "attributes": {
            "created_at": "2024-11-30T11:31:19Z",
            "description": "",
            "egress": [
              {
                "description": "разрешить весь исходящий трафик",
                "from_port": 0,
                "id": "enp6gihm7hqp2aba5ffr",
                "labels": {},
                "port": -1,
                "predefined_target": "",
                "protocol": "TCP",
                "security_group_id": "",
                "to_port": 65365,
                "v4_cidr_blocks": [
                  "0.0.0.0/0"
                ],
                "v6_cidr_blocks": []
              }
            ],
            "folder_id": "b1gt6sro0sp7kjv4dnh1",
            "id": "enphfe12akgggka0j8q0",
            "ingress": [
              {
                "description": "разрешить входящий  http",
                "from_port": -1,
                "id": "enpkv0643aao8mnbsrqu",
                "labels": {},
                "port": 80,
                "predefined_target": "",
                "protocol": "TCP",
                "security_group_id": "",
                "to_port": -1,
                "v4_cidr_blocks": [
                  "0.0.0.0/0"
                ],
                "v6_cidr_blocks": []
              },
              {
                "description": "разрешить входящий https",
                "from_port": -1,
                "id": "enprj3f5kpaqf8rh76a2",
                "labels": {},
                "port": 443,
                "predefined_target": "",
                "protocol": "TCP",
                "security_group_id": "",
                "to_port": -1,
                "v4_cidr_blocks": [
                  "0.0.0.0/0"
                ],
                "v6_cidr_blocks": []
              },
              {
                "description": "разрешить входящий ssh",
                "from_port": -1,
                "id": "enpp5jj2f33njsn29k48",
                "labels": {},
                "port": 22,
                "predefined_target": "",
                "protocol": "TCP",
                "security_group_id": "",
                "to_port": -1,
                "v4_cidr_blocks": [
                  "0.0.0.0/0"
                ],
                "v6_cidr_blocks": []
              }
            ],
            "labels": {},
            "name": "example_dynamic",
            "network_id": "enpc14hbjgq4qnhvd6ie",
            "status": "ACTIVE",
            "timeouts": null
          },
          "sensitive_attributes": [],
          "private": "eyJlMmJmYjczMC1lY2FhLTExZTYtOGY4OC0zNDM2M2JjN2M0YzAiOnsiY3JlYXRlIjoxODAwMDAwMDAwMDAsImRlbGV0ZSI6MTgwMDAwMDAwMDAwLCJ1cGRhdGUiOjE4MDAwMDAwMDAwMH19",
          "dependencies": [
            "yandex_vpc_network.develop"
          ]
        }
      ]
    },
    {
      "mode": "managed",
      "type": "yandex_vpc_subnet",
      "name": "develop",
      "provider": "provider[\"registry.terraform.io/yandex-cloud/yandex\"]",
      "instances": [
        {
          "schema_version": 0,
          "attributes": {
            "created_at": "2024-11-30T11:31:18Z",
            "description": "",
            "dhcp_options": [],
            "folder_id": "b1gt6sro0sp7kjv4dnh1",
            "id": "e9b7u4dt5lgueklug2d3",
            "labels": {},
            "name": "develop",
            "network_id": "enpc14hbjgq4qnhvd6ie",
            "route_table_id": "",
            "timeouts": null,
            "v4_cidr_blocks": [
              "10.0.1.0/24"
            ],
            "v6_cidr_blocks": [],
            "zone": "ru-central1-a"
          },
          "sensitive_attributes": [],
          "private": "eyJlMmJmYjczMC1lY2FhLTExZTYtOGY4OC0zNDM2M2JjN2M0YzAiOnsiY3JlYXRlIjoxODAwMDAwMDAwMDAsImRlbGV0ZSI6MTgwMDAwMDAwMDAwLCJ1cGRhdGUiOjE4MDAwMDAwMDAwMH19",
          "dependencies": [
            "yandex_vpc_network.develop"
          ]
        }
      ]
    }
  ],
  "check_results": null
}
